
Microsoft Visual Studio Solution File, Format Version 12.00
# Visual Studio Version 17
VisualStudioVersion = 17.7.34221.43
MinimumVisualStudioVersion = 10.0.40219.1
Project("{888888A0-9F3D-457C-B088-3A5042F75D52}") = "DL5YA_2024", "DL5YA_002_Gad\DL5YA_2024.pyproj", "{CB60E341-0D00-4DC5-9D3E-54440B861470}"
EndProject
Global
	GlobalSection(SolutionConfigurationPlatforms) = preSolution
		Debug|Any CPU = Debug|Any CPU
		Release|Any CPU = Release|Any CPU
	EndGlobalSection
	GlobalSection(ProjectConfigurationPlatforms) = postSolution
		{CB60E341-0D00-4DC5-9D3E-54440B861470}.Debug|Any CPU.ActiveCfg = Debug|Any CPU
		{CB60E341-0D00-4DC5-9D3E-54440B861470}.Release|Any CPU.ActiveCfg = Release|Any CPU
	EndGlobalSection
	GlobalSection(SolutionProperties) = preSolution
		HideSolutionNode = FALSE
	EndGlobalSection
	GlobalSection(ExtensibilityGlobals) = postSolution
		SolutionGuid = {D171CBBE-D748-4BE1-BE4E-0FBED84349E6}
	EndGlobalSection
EndGlobal
